{
  "originHash" : "9898358a4428deb9e3ab91a78afaf2662fdd5320a17fbadc5a4be7b0bc452cc4",
  "pins" : [
    {
      "identity" : "variableblur",
      "kind" : "remoteSourceControl",
      "location" : "https://github.com/nikstar/VariableBlur",
      "state" : {
        "branch" : "main",
        "revision" : "84ce30edfee2aaeebcaedcc2b352347f5734cf22"
      }
    }
  ],
  "version" : 3
}
