{
  "pins" : [
    {
      "identity" : "variableblur",
      "kind" : "remoteSourceControl",
      "location" : "https://github.com/nikstar/VariableBlur",
      "state" : {
        "branch" : "main",
        "revision" : "84ce30edfee2aaeebcaedcc2b352347f5734cf22"
      }
    },
    {
      "identity" : "wave",
      "kind" : "remoteSourceControl",
      "location" : "https://github.com/jtrivedi/Wave",
      "state" : {
        "revision" : "d95ce41fa52c42d9790388e9086c892930e9e48b",
        "version" : "0.3.2"
      }
    }
  ],
  "version" : 2
}
